
Microsoft Visual Studio Solution File, Format Version 12.00
# Visual Studio Version 17
VisualStudioVersion = 17.0.31903.59
MinimumVisualStudioVersion = 10.0.40219.1
Project("{FAE04EC0-301F-11D3-BF4B-00C04F79EFBC}") = "src", "src\src.csproj", "{2BF6947B-B017-463C-8D83-09A78AAC605C}"
EndProject
Project("{FAE04EC0-301F-11D3-BF4B-00C04F79EFBC}") = "tests", "tests\tests.csproj", "{99F17802-C79F-4DCF-8CFE-9380F0E5AA37}"
EndProject
Global
	GlobalSection(SolutionConfigurationPlatforms) = preSolution
		Debug|Any CPU = Debug|Any CPU
		Release|Any CPU = Release|Any CPU
	EndGlobalSection
	GlobalSection(SolutionProperties) = preSolution
		HideSolutionNode = FALSE
	EndGlobalSection
	GlobalSection(ProjectConfigurationPlatforms) = postSolution
		{2BF6947B-B017-463C-8D83-09A78AAC605C}.Debug|Any CPU.ActiveCfg = Debug|Any CPU
		{2BF6947B-B017-463C-8D83-09A78AAC605C}.Debug|Any CPU.Build.0 = Debug|Any CPU
		{2BF6947B-B017-463C-8D83-09A78AAC605C}.Release|Any CPU.ActiveCfg = Release|Any CPU
		{2BF6947B-B017-463C-8D83-09A78AAC605C}.Release|Any CPU.Build.0 = Release|Any CPU
		{99F17802-C79F-4DCF-8CFE-9380F0E5AA37}.Debug|Any CPU.ActiveCfg = Debug|Any CPU
		{99F17802-C79F-4DCF-8CFE-9380F0E5AA37}.Debug|Any CPU.Build.0 = Debug|Any CPU
		{99F17802-C79F-4DCF-8CFE-9380F0E5AA37}.Release|Any CPU.ActiveCfg = Release|Any CPU
		{99F17802-C79F-4DCF-8CFE-9380F0E5AA37}.Release|Any CPU.Build.0 = Release|Any CPU
	EndGlobalSection
EndGlobal
